
Microsoft Visual Studio Solution File, Format Version 12.00
# Visual Studio Version 16
VisualStudioVersion = 16.0.32228.343
MinimumVisualStudioVersion = 10.0.40219.1
Project("{8BC9CEB8-8B4A-11D0-8D11-00A0C91BC942}") = "BlackJack", "BlackJack\BlackJack.vcxproj", "{C918DEDE-7153-4926-A1E5-5BDF37D637CB}"
EndProject
Global
	GlobalSection(SolutionConfigurationPlatforms) = preSolution
		Debug|x64 = Debug|x64
		Debug|x86 = Debug|x86
		Release|x64 = Release|x64
		Release|x86 = Release|x86
	EndGlobalSection
	GlobalSection(ProjectConfigurationPlatforms) = postSolution
		{C918DEDE-7153-4926-A1E5-5BDF37D637CB}.Debug|x64.ActiveCfg = Debug|x64
		{C918DEDE-7153-4926-A1E5-5BDF37D637CB}.Debug|x64.Build.0 = Debug|x64
		{C918DEDE-7153-4926-A1E5-5BDF37D637CB}.Debug|x86.ActiveCfg = Debug|Win32
		{C918DEDE-7153-4926-A1E5-5BDF37D637CB}.Debug|x86.Build.0 = Debug|Win32
		{C918DEDE-7153-4926-A1E5-5BDF37D637CB}.Release|x64.ActiveCfg = Release|x64
		{C918DEDE-7153-4926-A1E5-5BDF37D637CB}.Release|x64.Build.0 = Release|x64
		{C918DEDE-7153-4926-A1E5-5BDF37D637CB}.Release|x86.ActiveCfg = Release|Win32
		{C918DEDE-7153-4926-A1E5-5BDF37D637CB}.Release|x86.Build.0 = Release|Win32
	EndGlobalSection
	GlobalSection(SolutionProperties) = preSolution
		HideSolutionNode = FALSE
	EndGlobalSection
	GlobalSection(ExtensibilityGlobals) = postSolution
		SolutionGuid = {ECC4934E-23CC-47E1-833C-ABF49D28617B}
	EndGlobalSection
EndGlobal
